PODS:
  - Flutter (1.0.0)
  - integration_test (0.0.1):
    - Flutter
  - network_analyzer_ios (0.0.1):
    - Flutter

DEPENDENCIES:
  - Flutter (from `Flutter`)
  - integration_test (from `.symlinks/plugins/integration_test/ios`)
  - network_analyzer_ios (from `.symlinks/plugins/network_analyzer_ios/ios`)

EXTERNAL SOURCES:
  Flutter:
    :path: Flutter
  integration_test:
    :path: ".symlinks/plugins/integration_test/ios"
  network_analyzer_ios:
    :path: ".symlinks/plugins/network_analyzer_ios/ios"

SPEC CHECKSUMS:
  Flutter: cabc95a1d2626b1b06e7179b784ebcf0c0cde467
  integration_test: 4a889634ef21a45d28d50d622cf412dc6d9f586e
  network_analyzer_ios: 616873d56ccf6812f27c0155fb97c8f1d4c9b134

PODFILE CHECKSUM: 3c63482e143d1b91d2d2560aee9fb04ecc74ac7e

COCOAPODS: 1.17.0
